
Microsoft Visual Studio Solution File, Format Version 12.00
# Visual Studio 15
VisualStudioVersion = 15.0.27428.2015
MinimumVisualStudioVersion = 10.0.40219.1
Project("{FAE04EC0-301F-11D3-BF4B-00C04F79EFBC}") = "LotteryNumberPicker", "LotteryNumberPicker\LotteryNumberPicker.csproj", "{9DE7220C-835E-42BB-8A12-80FD4390B84E}"
EndProject
Global
	GlobalSection(SolutionConfigurationPlatforms) = preSolution
		Debug|Any CPU = Debug|Any CPU
		Release|Any CPU = Release|Any CPU
	EndGlobalSection
	GlobalSection(ProjectConfigurationPlatforms) = postSolution
		{9DE7220C-835E-42BB-8A12-80FD4390B84E}.Debug|Any CPU.ActiveCfg = Debug|Any CPU
		{9DE7220C-835E-42BB-8A12-80FD4390B84E}.Debug|Any CPU.Build.0 = Debug|Any CPU
		{9DE7220C-835E-42BB-8A12-80FD4390B84E}.Release|Any CPU.ActiveCfg = Release|Any CPU
		{9DE7220C-835E-42BB-8A12-80FD4390B84E}.Release|Any CPU.Build.0 = Release|Any CPU
	EndGlobalSection
	GlobalSection(SolutionProperties) = preSolution
		HideSolutionNode = FALSE
	EndGlobalSection
	GlobalSection(ExtensibilityGlobals) = postSolution
		SolutionGuid = {B45D3E22-C999-4E0C-9581-2A122FD0095B}
	EndGlobalSection
EndGlobal
